
Microsoft Visual Studio Solution File, Format Version 12.00
# Visual Studio Version 17
VisualStudioVersion = 17.8.34525.116
MinimumVisualStudioVersion = 10.0.40219.1
Project("{FAE04EC0-301F-11D3-BF4B-00C04F79EFBC}") = "Gateway.API", "Gateway.API\Gateway.API.csproj", "{4F15DA1B-8107-4388-B4ED-ADB2A185F46C}"
EndProject
Global
	GlobalSection(SolutionConfigurationPlatforms) = preSolution
		Debug|Any CPU = Debug|Any CPU
		Release|Any CPU = Release|Any CPU
	EndGlobalSection
	GlobalSection(ProjectConfigurationPlatforms) = postSolution
		{4F15DA1B-8107-4388-B4ED-ADB2A185F46C}.Debug|Any CPU.ActiveCfg = Debug|Any CPU
		{4F15DA1B-8107-4388-B4ED-ADB2A185F46C}.Debug|Any CPU.Build.0 = Debug|Any CPU
		{4F15DA1B-8107-4388-B4ED-ADB2A185F46C}.Release|Any CPU.ActiveCfg = Release|Any CPU
		{4F15DA1B-8107-4388-B4ED-ADB2A185F46C}.Release|Any CPU.Build.0 = Release|Any CPU
	EndGlobalSection
	GlobalSection(SolutionProperties) = preSolution
		HideSolutionNode = FALSE
	EndGlobalSection
	GlobalSection(ExtensibilityGlobals) = postSolution
		SolutionGuid = {244C77A0-CF53-4B03-8083-E568DAA6FC98}
	EndGlobalSection
EndGlobal
